
Microsoft Visual Studio Solution File, Format Version 12.00
# Visual Studio Version 16
VisualStudioVersion = 16.0.30907.101
MinimumVisualStudioVersion = 10.0.40219.1
Project("{FAE04EC0-301F-11D3-BF4B-00C04F79EFBC}") = "GameBackend", "GameBackend\GameBackend.csproj", "{4E519DFE-ABB1-46F3-97B9-6B927FDBCFD5}"
EndProject
Global
	GlobalSection(SolutionConfigurationPlatforms) = preSolution
		Debug|Any CPU = Debug|Any CPU
		Release|Any CPU = Release|Any CPU
	EndGlobalSection
	GlobalSection(ProjectConfigurationPlatforms) = postSolution
		{4E519DFE-ABB1-46F3-97B9-6B927FDBCFD5}.Debug|Any CPU.ActiveCfg = Debug|Any CPU
		{4E519DFE-ABB1-46F3-97B9-6B927FDBCFD5}.Debug|Any CPU.Build.0 = Debug|Any CPU
		{4E519DFE-ABB1-46F3-97B9-6B927FDBCFD5}.Release|Any CPU.ActiveCfg = Release|Any CPU
		{4E519DFE-ABB1-46F3-97B9-6B927FDBCFD5}.Release|Any CPU.Build.0 = Release|Any CPU
	EndGlobalSection
	GlobalSection(SolutionProperties) = preSolution
		HideSolutionNode = FALSE
	EndGlobalSection
	GlobalSection(ExtensibilityGlobals) = postSolution
		SolutionGuid = {641AE36F-6F69-4BAF-933D-0485BA2781D3}
	EndGlobalSection
EndGlobal
